schema = 1

[packs."https://github.com/gastownhall/gascity-packs/tree/main/discord"]
version = "sha:9f98ea4e1974cb49d18cd0c453eb81b2370cca84"
commit = "9f98ea4e1974cb49d18cd0c453eb81b2370cca84"
fetched = "2026-08-27T02:06:15Z"

[packs."https://github.com/gastownhall/gascity-packs/tree/main/gascity"]
version = "sha:9f98ea4e1974cb49d18cd0c453eb81b2370cca84"
commit = "9f98ea4e1974cb49d18cd0c453eb81b2370cca84"
fetched = "2026-08-27T02:06:15Z"

[packs."https://github.com/gastownhall/gascity-packs/tree/main/gascity/roles"]
version = "sha:9f98ea4e1974cb49d18cd0c453eb81b2370cca84"
commit = "9f98ea4e1974cb49d18cd0c453eb81b2370cca84"
fetched = "2026-08-27T02:06:15Z"

[packs."https://github.com/gastownhall/gascity.git//examples/bd"]
version = "sha:f895c0ff47d6ee9334ed282a416387eb5b084d24"
commit = "f895c0ff47d6ee9334ed282a416387eb5b084d24"
fetched = "2026-08-19T02:33:02Z"

[packs."https://github.com/gastownhall/gascity.git//internal/bootstrap/packs/core"]
version = "sha:f895c0ff47d6ee9334ed282a416387eb5b084d24"
commit = "f895c0ff47d6ee9334ed282a416387eb5b084d24"
fetched = "2026-08-19T02:33:02Z"
